// !$*UTF8*$!
{
	archiveVersion = 1;
	classes = {
	};
	objectVersion = 55;
	objects = {

/* Begin PBXBuildFile section */
		0524EC0D275C3FB800134A0C /* SupplyRepo.swift in Sources */ = {isa = PBXBuildFile; fileRef = 0524EC0C275C3FB800134A0C /* SupplyRepo.swift */; };
		0524EC0F275C3FCB00134A0C /* SupplyRepoProtocol.swift in Sources */ = {isa = PBXBuildFile; fileRef = 0524EC0E275C3FCB00134A0C /* SupplyRepoProtocol.swift */; };
		0524EC12275D4A0F00134A0C /* SupplyWorker.swift in Sources */ = {isa = PBXBuildFile; fileRef = 0524EC11275D4A0F00134A0C /* SupplyWorker.swift */; };
		0524EC14275D4A3800134A0C /* SupplyWorkerProtocol.swift in Sources */ = {isa = PBXBuildFile; fileRef = 0524EC13275D4A3800134A0C /* SupplyWorkerProtocol.swift */; };
		0524EC17275D716B00134A0C /* SupplyProductRepo.swift in Sources */ = {isa = PBXBuildFile; fileRef = 0524EC16275D716B00134A0C /* SupplyProductRepo.swift */; };
		0524EC19275D717D00134A0C /* SupplyProductRepoProtocol.swift in Sources */ = {isa = PBXBuildFile; fileRef = 0524EC18275D717D00134A0C /* SupplyProductRepoProtocol.swift */; };
		05358964274BFD6E00FBB5DF /* ProfileView.swift in Sources */ = {isa = PBXBuildFile; fileRef = 05358963274BFD6E00FBB5DF /* ProfileView.swift */; };
		05358968274C014800FBB5DF /* ChangeProfileView.swift in Sources */ = {isa = PBXBuildFile; fileRef = 05358967274C014800FBB5DF /* ChangeProfileView.swift */; };
		0535896A274C025000FBB5DF /* ChangePasswordView.swift in Sources */ = {isa = PBXBuildFile; fileRef = 05358969274C025000FBB5DF /* ChangePasswordView.swift */; };
		0535896C274C063000FBB5DF /* User.swift in Sources */ = {isa = PBXBuildFile; fileRef = 0535896B274C063000FBB5DF /* User.swift */; };
		05358977274D50FF00FBB5DF /* PasswordChangeError.swift in Sources */ = {isa = PBXBuildFile; fileRef = 05358976274D50FF00FBB5DF /* PasswordChangeError.swift */; };
		0535897A274D5DA900FBB5DF /* ProfileChangeError.swift in Sources */ = {isa = PBXBuildFile; fileRef = 05358979274D5DA900FBB5DF /* ProfileChangeError.swift */; };
		0563277D2731BE8500388A4B /* TripleSApp.swift in Sources */ = {isa = PBXBuildFile; fileRef = 0563277C2731BE8500388A4B /* TripleSApp.swift */; };
		0563277F2731BE8500388A4B /* ContentView.swift in Sources */ = {isa = PBXBuildFile; fileRef = 0563277E2731BE8500388A4B /* ContentView.swift */; };
		056327812731BE8900388A4B /* Assets.xcassets in Resources */ = {isa = PBXBuildFile; fileRef = 056327802731BE8900388A4B /* Assets.xcassets */; };
		056327842731BE8900388A4B /* Preview Assets.xcassets in Resources */ = {isa = PBXBuildFile; fileRef = 056327832731BE8900388A4B /* Preview Assets.xcassets */; };
		0576B7AB274E6C2B00730B9D /* CodeScanner in Frameworks */ = {isa = PBXBuildFile; productRef = 0576B7AA274E6C2B00730B9D /* CodeScanner */; };
		0576B7AD274E6CB100730B9D /* ScannerTabView.swift in Sources */ = {isa = PBXBuildFile; fileRef = 0576B7AC274E6CB100730B9D /* ScannerTabView.swift */; };
		05A2D92727613327001900C9 /* ShortInfoView.swift in Sources */ = {isa = PBXBuildFile; fileRef = 05A2D92627613327001900C9 /* ShortInfoView.swift */; };
		0D049195275FE7B800C269C1 /* SharedProperties.swift in Sources */ = {isa = PBXBuildFile; fileRef = 0D049194275FE7B700C269C1 /* SharedProperties.swift */; };
		0D04919727611F0800C269C1 /* SharedDateModel.swift in Sources */ = {isa = PBXBuildFile; fileRef = 0D04919627611F0800C269C1 /* SharedDateModel.swift */; };
		0D166598274D9C7700E110B6 /* CustomAlert.swift in Sources */ = {isa = PBXBuildFile; fileRef = 0D166596274D9C7700E110B6 /* CustomAlert.swift */; };
		0D166599274D9C7700E110B6 /* Product.swift in Sources */ = {isa = PBXBuildFile; fileRef = 0D166597274D9C7700E110B6 /* Product.swift */; };
		0D16659B274D9C9D00E110B6 /* LoginError.swift in Sources */ = {isa = PBXBuildFile; fileRef = 0D16659A274D9C9D00E110B6 /* LoginError.swift */; };
		0D16659F274D9CAF00E110B6 /* CreateNewSupplyView.swift in Sources */ = {isa = PBXBuildFile; fileRef = 0D16659C274D9CAF00E110B6 /* CreateNewSupplyView.swift */; };
		0D1665A0274D9CAF00E110B6 /* LoginView.swift in Sources */ = {isa = PBXBuildFile; fileRef = 0D16659D274D9CAF00E110B6 /* LoginView.swift */; };
		0D1665A1274D9CAF00E110B6 /* AllTabsView.swift in Sources */ = {isa = PBXBuildFile; fileRef = 0D16659E274D9CAF00E110B6 /* AllTabsView.swift */; };
		0D1665A3274D9CC100E110B6 /* PasswordView.swift in Sources */ = {isa = PBXBuildFile; fileRef = 0D1665A2274D9CC100E110B6 /* PasswordView.swift */; };
		0D1665A5274D9CCB00E110B6 /* WarehouseView.swift in Sources */ = {isa = PBXBuildFile; fileRef = 0D1665A4274D9CCB00E110B6 /* WarehouseView.swift */; };
		0D1665AA274D9EF200E110B6 /* AccountWorker.swift in Sources */ = {isa = PBXBuildFile; fileRef = 0D1665A9274D9EF200E110B6 /* AccountWorker.swift */; };
		0D1665AC274D9EFB00E110B6 /* AccountWorkerProtocol.swift in Sources */ = {isa = PBXBuildFile; fileRef = 0D1665AB274D9EFB00E110B6 /* AccountWorkerProtocol.swift */; };
		0D1665AE274DB06300E110B6 /* SharedRequestBuilder.swift in Sources */ = {isa = PBXBuildFile; fileRef = 0D1665AD274DB06300E110B6 /* SharedRequestBuilder.swift */; };
		0D4790272742D56300E7C9D0 /* AccountRepo.swift in Sources */ = {isa = PBXBuildFile; fileRef = 0D4790262742D56300E7C9D0 /* AccountRepo.swift */; };
		0D4790292742D5F000E7C9D0 /* SharedAPIConfiguration.swift in Sources */ = {isa = PBXBuildFile; fileRef = 0D4790282742D5F000E7C9D0 /* SharedAPIConfiguration.swift */; };
		0D47902C2742D92000E7C9D0 /* AccountRepoProtocol.swift in Sources */ = {isa = PBXBuildFile; fileRef = 0D47902B2742D92000E7C9D0 /* AccountRepoProtocol.swift */; };
		0D47902F2747CB7400E7C9D0 /* RolesRepo.swift in Sources */ = {isa = PBXBuildFile; fileRef = 0D47902E2747CB7400E7C9D0 /* RolesRepo.swift */; };
		0D4790312747CB7E00E7C9D0 /* RolesRepoProtocol.swift in Sources */ = {isa = PBXBuildFile; fileRef = 0D4790302747CB7E00E7C9D0 /* RolesRepoProtocol.swift */; };
		0D479034274D75CA00E7C9D0 /* UserRepo.swift in Sources */ = {isa = PBXBuildFile; fileRef = 0D479033274D75CA00E7C9D0 /* UserRepo.swift */; };
		0D479036274D75D500E7C9D0 /* UserRepoProtocol.swift in Sources */ = {isa = PBXBuildFile; fileRef = 0D479035274D75D500E7C9D0 /* UserRepoProtocol.swift */; };
		0DC5FDA0275EA4B8008A5893 /* URLRequest+setToken.swift in Sources */ = {isa = PBXBuildFile; fileRef = 0DC5FD9F275EA4B8008A5893 /* URLRequest+setToken.swift */; };
		0DC5FDA4275EA727008A5893 /* QRCodeProcessorProtocol.swift in Sources */ = {isa = PBXBuildFile; fileRef = 0DC5FDA3275EA727008A5893 /* QRCodeProcessorProtocol.swift */; };
		0DC5FDA6275EA72F008A5893 /* QRCodeProcessor.swift in Sources */ = {isa = PBXBuildFile; fileRef = 0DC5FDA5275EA72F008A5893 /* QRCodeProcessor.swift */; };
/* End PBXBuildFile section */

/* Begin PBXFileReference section */
		0524EC0C275C3FB800134A0C /* SupplyRepo.swift */ = {isa = PBXFileReference; lastKnownFileType = sourcecode.swift; path = SupplyRepo.swift; sourceTree = "<group>"; };
		0524EC0E275C3FCB00134A0C /* SupplyRepoProtocol.swift */ = {isa = PBXFileReference; lastKnownFileType = sourcecode.swift; path = SupplyRepoProtocol.swift; sourceTree = "<group>"; };
		0524EC11275D4A0F00134A0C /* SupplyWorker.swift */ = {isa = PBXFileReference; lastKnownFileType = sourcecode.swift; path = SupplyWorker.swift; sourceTree = "<group>"; };
		0524EC13275D4A3800134A0C /* SupplyWorkerProtocol.swift */ = {isa = PBXFileReference; lastKnownFileType = sourcecode.swift; path = SupplyWorkerProtocol.swift; sourceTree = "<group>"; };
		0524EC16275D716B00134A0C /* SupplyProductRepo.swift */ = {isa = PBXFileReference; lastKnownFileType = sourcecode.swift; path = SupplyProductRepo.swift; sourceTree = "<group>"; };
		0524EC18275D717D00134A0C /* SupplyProductRepoProtocol.swift */ = {isa = PBXFileReference; lastKnownFileType = sourcecode.swift; path = SupplyProductRepoProtocol.swift; sourceTree = "<group>"; };
		05358963274BFD6E00FBB5DF /* ProfileView.swift */ = {isa = PBXFileReference; lastKnownFileType = sourcecode.swift; path = ProfileView.swift; sourceTree = "<group>"; };
		05358967274C014800FBB5DF /* ChangeProfileView.swift */ = {isa = PBXFileReference; lastKnownFileType = sourcecode.swift; path = ChangeProfileView.swift; sourceTree = "<group>"; };
		05358969274C025000FBB5DF /* ChangePasswordView.swift */ = {isa = PBXFileReference; lastKnownFileType = sourcecode.swift; path = ChangePasswordView.swift; sourceTree = "<group>"; };
		0535896B274C063000FBB5DF /* User.swift */ = {isa = PBXFileReference; lastKnownFileType = sourcecode.swift; path = User.swift; sourceTree = "<group>"; };
		05358976274D50FF00FBB5DF /* PasswordChangeError.swift */ = {isa = PBXFileReference; lastKnownFileType = sourcecode.swift; path = PasswordChangeError.swift; sourceTree = "<group>"; };
		05358979274D5DA900FBB5DF /* ProfileChangeError.swift */ = {isa = PBXFileReference; lastKnownFileType = sourcecode.swift; path = ProfileChangeError.swift; sourceTree = "<group>"; };
		056327792731BE8500388A4B /* TripleS.app */ = {isa = PBXFileReference; explicitFileType = wrapper.application; includeInIndex = 0; path = TripleS.app; sourceTree = BUILT_PRODUCTS_DIR; };
		0563277C2731BE8500388A4B /* TripleSApp.swift */ = {isa = PBXFileReference; lastKnownFileType = sourcecode.swift; path = TripleSApp.swift; sourceTree = "<group>"; };
		0563277E2731BE8500388A4B /* ContentView.swift */ = {isa = PBXFileReference; lastKnownFileType = sourcecode.swift; path = ContentView.swift; sourceTree = "<group>"; };
		056327802731BE8900388A4B /* Assets.xcassets */ = {isa = PBXFileReference; lastKnownFileType = folder.assetcatalog; path = Assets.xcassets; sourceTree = "<group>"; };
		056327832731BE8900388A4B /* Preview Assets.xcassets */ = {isa = PBXFileReference; lastKnownFileType = folder.assetcatalog; path = "Preview Assets.xcassets"; sourceTree = "<group>"; };
		0576B7AC274E6CB100730B9D /* ScannerTabView.swift */ = {isa = PBXFileReference; lastKnownFileType = sourcecode.swift; path = ScannerTabView.swift; sourceTree = "<group>"; };
		05A2D92627613327001900C9 /* ShortInfoView.swift */ = {isa = PBXFileReference; lastKnownFileType = sourcecode.swift; path = ShortInfoView.swift; sourceTree = "<group>"; };
		0D049194275FE7B700C269C1 /* SharedProperties.swift */ = {isa = PBXFileReference; lastKnownFileType = sourcecode.swift; path = SharedProperties.swift; sourceTree = "<group>"; };
		0D04919627611F0800C269C1 /* SharedDateModel.swift */ = {isa = PBXFileReference; lastKnownFileType = sourcecode.swift; path = SharedDateModel.swift; sourceTree = "<group>"; };
		0D166596274D9C7700E110B6 /* CustomAlert.swift */ = {isa = PBXFileReference; fileEncoding = 4; lastKnownFileType = sourcecode.swift; path = CustomAlert.swift; sourceTree = "<group>"; };
		0D166597274D9C7700E110B6 /* Product.swift */ = {isa = PBXFileReference; fileEncoding = 4; lastKnownFileType = sourcecode.swift; path = Product.swift; sourceTree = "<group>"; };
		0D16659A274D9C9D00E110B6 /* LoginError.swift */ = {isa = PBXFileReference; fileEncoding = 4; lastKnownFileType = sourcecode.swift; path = LoginError.swift; sourceTree = "<group>"; };
		0D16659C274D9CAF00E110B6 /* CreateNewSupplyView.swift */ = {isa = PBXFileReference; fileEncoding = 4; lastKnownFileType = sourcecode.swift; path = CreateNewSupplyView.swift; sourceTree = "<group>"; };
		0D16659D274D9CAF00E110B6 /* LoginView.swift */ = {isa = PBXFileReference; fileEncoding = 4; lastKnownFileType = sourcecode.swift; path = LoginView.swift; sourceTree = "<group>"; };
		0D16659E274D9CAF00E110B6 /* AllTabsView.swift */ = {isa = PBXFileReference; fileEncoding = 4; lastKnownFileType = sourcecode.swift; path = AllTabsView.swift; sourceTree = "<group>"; };
		0D1665A2274D9CC100E110B6 /* PasswordView.swift */ = {isa = PBXFileReference; fileEncoding = 4; lastKnownFileType = sourcecode.swift; path = PasswordView.swift; sourceTree = "<group>"; };
		0D1665A4274D9CCB00E110B6 /* WarehouseView.swift */ = {isa = PBXFileReference; fileEncoding = 4; lastKnownFileType = sourcecode.swift; path = WarehouseView.swift; sourceTree = "<group>"; };
		0D1665A9274D9EF200E110B6 /* AccountWorker.swift */ = {isa = PBXFileReference; lastKnownFileType = sourcecode.swift; path = AccountWorker.swift; sourceTree = "<group>"; };
		0D1665AB274D9EFB00E110B6 /* AccountWorkerProtocol.swift */ = {isa = PBXFileReference; lastKnownFileType = sourcecode.swift; path = AccountWorkerProtocol.swift; sourceTree = "<group>"; };
		0D1665AD274DB06300E110B6 /* SharedRequestBuilder.swift */ = {isa = PBXFileReference; lastKnownFileType = sourcecode.swift; path = SharedRequestBuilder.swift; sourceTree = "<group>"; };
		0D4790262742D56300E7C9D0 /* AccountRepo.swift */ = {isa = PBXFileReference; lastKnownFileType = sourcecode.swift; path = AccountRepo.swift; sourceTree = "<group>"; };
		0D4790282742D5F000E7C9D0 /* SharedAPIConfiguration.swift */ = {isa = PBXFileReference; lastKnownFileType = sourcecode.swift; path = SharedAPIConfiguration.swift; sourceTree = "<group>"; };
		0D47902B2742D92000E7C9D0 /* AccountRepoProtocol.swift */ = {isa = PBXFileReference; lastKnownFileType = sourcecode.swift; path = AccountRepoProtocol.swift; sourceTree = "<group>"; };
		0D47902E2747CB7400E7C9D0 /* RolesRepo.swift */ = {isa = PBXFileReference; lastKnownFileType = sourcecode.swift; path = RolesRepo.swift; sourceTree = "<group>"; };
		0D4790302747CB7E00E7C9D0 /* RolesRepoProtocol.swift */ = {isa = PBXFileReference; lastKnownFileType = sourcecode.swift; path = RolesRepoProtocol.swift; sourceTree = "<group>"; };
		0D479033274D75CA00E7C9D0 /* UserRepo.swift */ = {isa = PBXFileReference; lastKnownFileType = sourcecode.swift; path = UserRepo.swift; sourceTree = "<group>"; };
		0D479035274D75D500E7C9D0 /* UserRepoProtocol.swift */ = {isa = PBXFileReference; lastKnownFileType = sourcecode.swift; path = UserRepoProtocol.swift; sourceTree = "<group>"; };
		0DC5FD9F275EA4B8008A5893 /* URLRequest+setToken.swift */ = {isa = PBXFileReference; lastKnownFileType = sourcecode.swift; path = "URLRequest+setToken.swift"; sourceTree = "<group>"; };
		0DC5FDA3275EA727008A5893 /* QRCodeProcessorProtocol.swift */ = {isa = PBXFileReference; lastKnownFileType = sourcecode.swift; path = QRCodeProcessorProtocol.swift; sourceTree = "<group>"; };
		0DC5FDA5275EA72F008A5893 /* QRCodeProcessor.swift */ = {isa = PBXFileReference; lastKnownFileType = sourcecode.swift; path = QRCodeProcessor.swift; sourceTree = "<group>"; };
/* End PBXFileReference section */

/* Begin PBXFrameworksBuildPhase section */
		056327762731BE8500388A4B /* Frameworks */ = {
			isa = PBXFrameworksBuildPhase;
			buildActionMask = 2147483647;
			files = (
				0576B7AB274E6C2B00730B9D /* CodeScanner in Frameworks */,
			);
			runOnlyForDeploymentPostprocessing = 0;
		};
/* End PBXFrameworksBuildPhase section */

/* Begin PBXGroup section */
		0524EC10275C3FD500134A0C /* SupplyRepo */ = {
			isa = PBXGroup;
			children = (
				0524EC0C275C3FB800134A0C /* SupplyRepo.swift */,
				0524EC0E275C3FCB00134A0C /* SupplyRepoProtocol.swift */,
			);
			path = SupplyRepo;
			sourceTree = "<group>";
		};
		0524EC15275D4A4500134A0C /* SupplyWorker */ = {
			isa = PBXGroup;
			children = (
				0524EC11275D4A0F00134A0C /* SupplyWorker.swift */,
				0524EC13275D4A3800134A0C /* SupplyWorkerProtocol.swift */,
			);
			path = SupplyWorker;
			sourceTree = "<group>";
		};
		0524EC1A275D718300134A0C /* SupplyProductRepo */ = {
			isa = PBXGroup;
			children = (
				0524EC16275D716B00134A0C /* SupplyProductRepo.swift */,
				0524EC18275D717D00134A0C /* SupplyProductRepoProtocol.swift */,
			);
			path = SupplyProductRepo;
			sourceTree = "<group>";
		};
		05358971274D498300FBB5DF /* Views */ = {
			isa = PBXGroup;
			children = (
				05358975274D4A9700FBB5DF /* TabMenu */,
				05358969274C025000FBB5DF /* ChangePasswordView.swift */,
				05358967274C014800FBB5DF /* ChangeProfileView.swift */,
				05A2D92627613327001900C9 /* ShortInfoView.swift */,
				0D16659C274D9CAF00E110B6 /* CreateNewSupplyView.swift */,
				0D16659D274D9CAF00E110B6 /* LoginView.swift */,
				05358973274D49B600FBB5DF /* SupportViews */,
			);
			path = Views;
			sourceTree = "<group>";
		};
		05358972274D499600FBB5DF /* Models */ = {
			isa = PBXGroup;
			children = (
				0D166596274D9C7700E110B6 /* CustomAlert.swift */,
				0D166597274D9C7700E110B6 /* Product.swift */,
				0535896B274C063000FBB5DF /* User.swift */,
				05358978274D5D8200FBB5DF /* Errors */,
			);
			path = Models;
			sourceTree = "<group>";
		};
		05358973274D49B600FBB5DF /* SupportViews */ = {
			isa = PBXGroup;
			children = (
				0D1665A2274D9CC100E110B6 /* PasswordView.swift */,
			);
			path = SupportViews;
			sourceTree = "<group>";
		};
		05358975274D4A9700FBB5DF /* TabMenu */ = {
			isa = PBXGroup;
			children = (
				0D16659E274D9CAF00E110B6 /* AllTabsView.swift */,
				0D1665A4274D9CCB00E110B6 /* WarehouseView.swift */,
				0576B7AC274E6CB100730B9D /* ScannerTabView.swift */,
				05358963274BFD6E00FBB5DF /* ProfileView.swift */,
			);
			path = TabMenu;
			sourceTree = "<group>";
		};
		05358978274D5D8200FBB5DF /* Errors */ = {
			isa = PBXGroup;
			children = (
				0D16659A274D9C9D00E110B6 /* LoginError.swift */,
				05358976274D50FF00FBB5DF /* PasswordChangeError.swift */,
				05358979274D5DA900FBB5DF /* ProfileChangeError.swift */,
			);
			path = Errors;
			sourceTree = "<group>";
		};
		056327702731BE8500388A4B = {
			isa = PBXGroup;
			children = (
				0563277B2731BE8500388A4B /* TripleS */,
				0563277A2731BE8500388A4B /* Products */,
			);
			sourceTree = "<group>";
		};
		0563277A2731BE8500388A4B /* Products */ = {
			isa = PBXGroup;
			children = (
				056327792731BE8500388A4B /* TripleS.app */,
			);
			name = Products;
			sourceTree = "<group>";
		};
		0563277B2731BE8500388A4B /* TripleS */ = {
			isa = PBXGroup;
			children = (
				0D049194275FE7B700C269C1 /* SharedProperties.swift */,
				0D1665A6274D9D5400E110B6 /* Default */,
				05358972274D499600FBB5DF /* Models */,
				056327822731BE8900388A4B /* Preview Content */,
				05358971274D498300FBB5DF /* Views */,
				0D1665A7274D9D7100E110B6 /* Workers */,
			);
			path = TripleS;
			sourceTree = "<group>";
		};
		056327822731BE8900388A4B /* Preview Content */ = {
			isa = PBXGroup;
			children = (
				056327832731BE8900388A4B /* Preview Assets.xcassets */,
			);
			path = "Preview Content";
			sourceTree = "<group>";
		};
		0D1665A6274D9D5400E110B6 /* Default */ = {
			isa = PBXGroup;
			children = (
				0563277E2731BE8500388A4B /* ContentView.swift */,
				0563277C2731BE8500388A4B /* TripleSApp.swift */,
				056327802731BE8900388A4B /* Assets.xcassets */,
			);
			path = Default;
			sourceTree = "<group>";
		};
		0D1665A7274D9D7100E110B6 /* Workers */ = {
			isa = PBXGroup;
			children = (
				0DC5FDA2275EA70E008A5893 /* QRCoreProcessor */,
				0D1665A8274D9EDE00E110B6 /* AccountWorker */,
				0524EC15275D4A4500134A0C /* SupplyWorker */,
				0D4790252742D4F900E7C9D0 /* Repos */,
			);
			path = Workers;
			sourceTree = "<group>";
		};
		0D1665A8274D9EDE00E110B6 /* AccountWorker */ = {
			isa = PBXGroup;
			children = (
				0D1665A9274D9EF200E110B6 /* AccountWorker.swift */,
				0D1665AB274D9EFB00E110B6 /* AccountWorkerProtocol.swift */,
			);
			path = AccountWorker;
			sourceTree = "<group>";
		};
		0D4790252742D4F900E7C9D0 /* Repos */ = {
			isa = PBXGroup;
			children = (
				0D4790282742D5F000E7C9D0 /* SharedAPIConfiguration.swift */,
				0D1665AD274DB06300E110B6 /* SharedRequestBuilder.swift */,
				0D47902A2742D90F00E7C9D0 /* AccountRepo */,
				0DC5FDA1275EA517008A5893 /* Extensions */,
				0D47902D2747CB6100E7C9D0 /* RolesRepo */,
				0524EC1A275D718300134A0C /* SupplyProductRepo */,
				0524EC10275C3FD500134A0C /* SupplyRepo */,
				0D479032274D75AA00E7C9D0 /* UserRepo */,
				0D04919627611F0800C269C1 /* SharedDateModel.swift */,
			);
			path = Repos;
			sourceTree = "<group>";
		};
		0D47902A2742D90F00E7C9D0 /* AccountRepo */ = {
			isa = PBXGroup;
			children = (
				0D4790262742D56300E7C9D0 /* AccountRepo.swift */,
				0D47902B2742D92000E7C9D0 /* AccountRepoProtocol.swift */,
			);
			path = AccountRepo;
			sourceTree = "<group>";
		};
		0D47902D2747CB6100E7C9D0 /* RolesRepo */ = {
			isa = PBXGroup;
			children = (
				0D47902E2747CB7400E7C9D0 /* RolesRepo.swift */,
				0D4790302747CB7E00E7C9D0 /* RolesRepoProtocol.swift */,
			);
			path = RolesRepo;
			sourceTree = "<group>";
		};
		0D479032274D75AA00E7C9D0 /* UserRepo */ = {
			isa = PBXGroup;
			children = (
				0D479033274D75CA00E7C9D0 /* UserRepo.swift */,
				0D479035274D75D500E7C9D0 /* UserRepoProtocol.swift */,
			);
			path = UserRepo;
			sourceTree = "<group>";
		};
		0DC5FDA1275EA517008A5893 /* Extensions */ = {
			isa = PBXGroup;
			children = (
				0DC5FD9F275EA4B8008A5893 /* URLRequest+setToken.swift */,
			);
			path = Extensions;
			sourceTree = "<group>";
		};
		0DC5FDA2275EA70E008A5893 /* QRCoreProcessor */ = {
			isa = PBXGroup;
			children = (
				0DC5FDA5275EA72F008A5893 /* QRCodeProcessor.swift */,
				0DC5FDA3275EA727008A5893 /* QRCodeProcessorProtocol.swift */,
			);
			path = QRCoreProcessor;
			sourceTree = "<group>";
		};
/* End PBXGroup section */

/* Begin PBXNativeTarget section */
		056327782731BE8500388A4B /* TripleS */ = {
			isa = PBXNativeTarget;
			buildConfigurationList = 056327872731BE8900388A4B /* Build configuration list for PBXNativeTarget "TripleS" */;
			buildPhases = (
				056327752731BE8500388A4B /* Sources */,
				056327762731BE8500388A4B /* Frameworks */,
				056327772731BE8500388A4B /* Resources */,
			);
			buildRules = (
			);
			dependencies = (
			);
			name = TripleS;
			packageProductDependencies = (
				0576B7AA274E6C2B00730B9D /* CodeScanner */,
			);
			productName = TripleS;
			productReference = 056327792731BE8500388A4B /* TripleS.app */;
			productType = "com.apple.product-type.application";
		};
/* End PBXNativeTarget section */

/* Begin PBXProject section */
		056327712731BE8500388A4B /* Project object */ = {
			isa = PBXProject;
			attributes = {
				BuildIndependentTargetsInParallel = 1;
				LastSwiftUpdateCheck = 1310;
				LastUpgradeCheck = 1310;
				TargetAttributes = {
					056327782731BE8500388A4B = {
						CreatedOnToolsVersion = 13.1;
					};
				};
			};
			buildConfigurationList = 056327742731BE8500388A4B /* Build configuration list for PBXProject "TripleS" */;
			compatibilityVersion = "Xcode 13.0";
			developmentRegion = en;
			hasScannedForEncodings = 0;
			knownRegions = (
				en,
				Base,
			);
			mainGroup = 056327702731BE8500388A4B;
			packageReferences = (
				0576B7A9274E6C2B00730B9D /* XCRemoteSwiftPackageReference "CodeScanner" */,
			);
			productRefGroup = 0563277A2731BE8500388A4B /* Products */;
			projectDirPath = "";
			projectRoot = "";
			targets = (
				056327782731BE8500388A4B /* TripleS */,
			);
		};
/* End PBXProject section */

/* Begin PBXResourcesBuildPhase section */
		056327772731BE8500388A4B /* Resources */ = {
			isa = PBXResourcesBuildPhase;
			buildActionMask = 2147483647;
			files = (
				056327842731BE8900388A4B /* Preview Assets.xcassets in Resources */,
				056327812731BE8900388A4B /* Assets.xcassets in Resources */,
			);
			runOnlyForDeploymentPostprocessing = 0;
		};
/* End PBXResourcesBuildPhase section */

/* Begin PBXSourcesBuildPhase section */
		056327752731BE8500388A4B /* Sources */ = {
			isa = PBXSourcesBuildPhase;
			buildActionMask = 2147483647;
			files = (
				0DC5FDA6275EA72F008A5893 /* QRCodeProcessor.swift in Sources */,
				05A2D92727613327001900C9 /* ShortInfoView.swift in Sources */,
				05358968274C014800FBB5DF /* ChangeProfileView.swift in Sources */,
				0DC5FDA0275EA4B8008A5893 /* URLRequest+setToken.swift in Sources */,
				0D1665AE274DB06300E110B6 /* SharedRequestBuilder.swift in Sources */,
				0D16659B274D9C9D00E110B6 /* LoginError.swift in Sources */,
				05358977274D50FF00FBB5DF /* PasswordChangeError.swift in Sources */,
				05358964274BFD6E00FBB5DF /* ProfileView.swift in Sources */,
				0535896C274C063000FBB5DF /* User.swift in Sources */,
				0563277F2731BE8500388A4B /* ContentView.swift in Sources */,
				0D1665A0274D9CAF00E110B6 /* LoginView.swift in Sources */,
				0D4790312747CB7E00E7C9D0 /* RolesRepoProtocol.swift in Sources */,
				0535896A274C025000FBB5DF /* ChangePasswordView.swift in Sources */,
				0D166599274D9C7700E110B6 /* Product.swift in Sources */,
				0D04919727611F0800C269C1 /* SharedDateModel.swift in Sources */,
				0DC5FDA4275EA727008A5893 /* QRCodeProcessorProtocol.swift in Sources */,
				0563277D2731BE8500388A4B /* TripleSApp.swift in Sources */,
				0D4790292742D5F000E7C9D0 /* SharedAPIConfiguration.swift in Sources */,
				0D1665A1274D9CAF00E110B6 /* AllTabsView.swift in Sources */,
				0D4790272742D56300E7C9D0 /* AccountRepo.swift in Sources */,
				0D1665A5274D9CCB00E110B6 /* WarehouseView.swift in Sources */,
				0D1665AA274D9EF200E110B6 /* AccountWorker.swift in Sources */,
				0D47902C2742D92000E7C9D0 /* AccountRepoProtocol.swift in Sources */,
				0524EC12275D4A0F00134A0C /* SupplyWorker.swift in Sources */,
				0D479036274D75D500E7C9D0 /* UserRepoProtocol.swift in Sources */,
				0D1665AC274D9EFB00E110B6 /* AccountWorkerProtocol.swift in Sources */,
				0535897A274D5DA900FBB5DF /* ProfileChangeError.swift in Sources */,
				0524EC17275D716B00134A0C /* SupplyProductRepo.swift in Sources */,
				0D049195275FE7B800C269C1 /* SharedProperties.swift in Sources */,
				0D1665A3274D9CC100E110B6 /* PasswordView.swift in Sources */,
				0524EC14275D4A3800134A0C /* SupplyWorkerProtocol.swift in Sources */,
				0D16659F274D9CAF00E110B6 /* CreateNewSupplyView.swift in Sources */,
				0524EC0F275C3FCB00134A0C /* SupplyRepoProtocol.swift in Sources */,
				0D479034274D75CA00E7C9D0 /* UserRepo.swift in Sources */,
				0524EC0D275C3FB800134A0C /* SupplyRepo.swift in Sources */,
				0D47902F2747CB7400E7C9D0 /* RolesRepo.swift in Sources */,
				0524EC19275D717D00134A0C /* SupplyProductRepoProtocol.swift in Sources */,
				0D166598274D9C7700E110B6 /* CustomAlert.swift in Sources */,
				0576B7AD274E6CB100730B9D /* ScannerTabView.swift in Sources */,
			);
			runOnlyForDeploymentPostprocessing = 0;
		};
/* End PBXSourcesBuildPhase section */

/* Begin XCBuildConfiguration section */
		056327852731BE8900388A4B /* Debug */ = {
			isa = XCBuildConfiguration;
			buildSettings = {
				ALWAYS_SEARCH_USER_PATHS = NO;
				CLANG_ANALYZER_NONNULL = YES;
				CLANG_ANALYZER_NUMBER_OBJECT_CONVERSION = YES_AGGRESSIVE;
				CLANG_CXX_LANGUAGE_STANDARD = "gnu++17";
				CLANG_CXX_LIBRARY = "libc++";
				CLANG_ENABLE_MODULES = YES;
				CLANG_ENABLE_OBJC_ARC = YES;
				CLANG_ENABLE_OBJC_WEAK = YES;
				CLANG_WARN_BLOCK_CAPTURE_AUTORELEASING = YES;
				CLANG_WARN_BOOL_CONVERSION = YES;
				CLANG_WARN_COMMA = YES;
				CLANG_WARN_CONSTANT_CONVERSION = YES;
				CLANG_WARN_DEPRECATED_OBJC_IMPLEMENTATIONS = YES;
				CLANG_WARN_DIRECT_OBJC_ISA_USAGE = YES_ERROR;
				CLANG_WARN_DOCUMENTATION_COMMENTS = YES;
				CLANG_WARN_EMPTY_BODY = YES;
				CLANG_WARN_ENUM_CONVERSION = YES;
				CLANG_WARN_INFINITE_RECURSION = YES;
				CLANG_WARN_INT_CONVERSION = YES;
				CLANG_WARN_NON_LITERAL_NULL_CONVERSION = YES;
				CLANG_WARN_OBJC_IMPLICIT_RETAIN_SELF = YES;
				CLANG_WARN_OBJC_LITERAL_CONVERSION = YES;
				CLANG_WARN_OBJC_ROOT_CLASS = YES_ERROR;
				CLANG_WARN_QUOTED_INCLUDE_IN_FRAMEWORK_HEADER = YES;
				CLANG_WARN_RANGE_LOOP_ANALYSIS = YES;
				CLANG_WARN_STRICT_PROTOTYPES = YES;
				CLANG_WARN_SUSPICIOUS_MOVE = YES;
				CLANG_WARN_UNGUARDED_AVAILABILITY = YES_AGGRESSIVE;
				CLANG_WARN_UNREACHABLE_CODE = YES;
				CLANG_WARN__DUPLICATE_METHOD_MATCH = YES;
				COPY_PHASE_STRIP = NO;
				DEBUG_INFORMATION_FORMAT = dwarf;
				ENABLE_STRICT_OBJC_MSGSEND = YES;
				ENABLE_TESTABILITY = YES;
				GCC_C_LANGUAGE_STANDARD = gnu11;
				GCC_DYNAMIC_NO_PIC = NO;
				GCC_NO_COMMON_BLOCKS = YES;
				GCC_OPTIMIZATION_LEVEL = 0;
				GCC_PREPROCESSOR_DEFINITIONS = (
					"DEBUG=1",
					"$(inherited)",
				);
				GCC_WARN_64_TO_32_BIT_CONVERSION = YES;
				GCC_WARN_ABOUT_RETURN_TYPE = YES_ERROR;
				GCC_WARN_UNDECLARED_SELECTOR = YES;
				GCC_WARN_UNINITIALIZED_AUTOS = YES_AGGRESSIVE;
				GCC_WARN_UNUSED_FUNCTION = YES;
				GCC_WARN_UNUSED_VARIABLE = YES;
				IPHONEOS_DEPLOYMENT_TARGET = 15.0;
				MTL_ENABLE_DEBUG_INFO = INCLUDE_SOURCE;
				MTL_FAST_MATH = YES;
				ONLY_ACTIVE_ARCH = YES;
				SDKROOT = iphoneos;
				SWIFT_ACTIVE_COMPILATION_CONDITIONS = DEBUG;
				SWIFT_OPTIMIZATION_LEVEL = "-Onone";
			};
			name = Debug;
		};
		056327862731BE8900388A4B /* Release */ = {
			isa = XCBuildConfiguration;
			buildSettings = {
				ALWAYS_SEARCH_USER_PATHS = NO;
				CLANG_ANALYZER_NONNULL = YES;
				CLANG_ANALYZER_NUMBER_OBJECT_CONVERSION = YES_AGGRESSIVE;
				CLANG_CXX_LANGUAGE_STANDARD = "gnu++17";
				CLANG_CXX_LIBRARY = "libc++";
				CLANG_ENABLE_MODULES = YES;
				CLANG_ENABLE_OBJC_ARC = YES;
				CLANG_ENABLE_OBJC_WEAK = YES;
				CLANG_WARN_BLOCK_CAPTURE_AUTORELEASING = YES;
				CLANG_WARN_BOOL_CONVERSION = YES;
				CLANG_WARN_COMMA = YES;
				CLANG_WARN_CONSTANT_CONVERSION = YES;
				CLANG_WARN_DEPRECATED_OBJC_IMPLEMENTATIONS = YES;
				CLANG_WARN_DIRECT_OBJC_ISA_USAGE = YES_ERROR;
				CLANG_WARN_DOCUMENTATION_COMMENTS = YES;
				CLANG_WARN_EMPTY_BODY = YES;
				CLANG_WARN_ENUM_CONVERSION = YES;
				CLANG_WARN_INFINITE_RECURSION = YES;
				CLANG_WARN_INT_CONVERSION = YES;
				CLANG_WARN_NON_LITERAL_NULL_CONVERSION = YES;
				CLANG_WARN_OBJC_IMPLICIT_RETAIN_SELF = YES;
				CLANG_WARN_OBJC_LITERAL_CONVERSION = YES;
				CLANG_WARN_OBJC_ROOT_CLASS = YES_ERROR;
				CLANG_WARN_QUOTED_INCLUDE_IN_FRAMEWORK_HEADER = YES;
				CLANG_WARN_RANGE_LOOP_ANALYSIS = YES;
				CLANG_WARN_STRICT_PROTOTYPES = YES;
				CLANG_WARN_SUSPICIOUS_MOVE = YES;
				CLANG_WARN_UNGUARDED_AVAILABILITY = YES_AGGRESSIVE;
				CLANG_WARN_UNREACHABLE_CODE = YES;
				CLANG_WARN__DUPLICATE_METHOD_MATCH = YES;
				COPY_PHASE_STRIP = NO;
				DEBUG_INFORMATION_FORMAT = "dwarf-with-dsym";
				ENABLE_NS_ASSERTIONS = NO;
				ENABLE_STRICT_OBJC_MSGSEND = YES;
				GCC_C_LANGUAGE_STANDARD = gnu11;
				GCC_NO_COMMON_BLOCKS = YES;
				GCC_WARN_64_TO_32_BIT_CONVERSION = YES;
				GCC_WARN_ABOUT_RETURN_TYPE = YES_ERROR;
				GCC_WARN_UNDECLARED_SELECTOR = YES;
				GCC_WARN_UNINITIALIZED_AUTOS = YES_AGGRESSIVE;
				GCC_WARN_UNUSED_FUNCTION = YES;
				GCC_WARN_UNUSED_VARIABLE = YES;
				IPHONEOS_DEPLOYMENT_TARGET = 15.0;
				MTL_ENABLE_DEBUG_INFO = NO;
				MTL_FAST_MATH = YES;
				SDKROOT = iphoneos;
				SWIFT_COMPILATION_MODE = wholemodule;
				SWIFT_OPTIMIZATION_LEVEL = "-O";
				VALIDATE_PRODUCT = YES;
			};
			name = Release;
		};
		056327882731BE8900388A4B /* Debug */ = {
			isa = XCBuildConfiguration;
			buildSettings = {
				ASSETCATALOG_COMPILER_APPICON_NAME = AppIcon;
				ASSETCATALOG_COMPILER_GLOBAL_ACCENT_COLOR_NAME = AccentColor;
				CODE_SIGN_STYLE = Automatic;
				CURRENT_PROJECT_VERSION = 1;
				DEVELOPMENT_ASSET_PATHS = "\"TripleS/Preview Content\"";
				DEVELOPMENT_TEAM = 8C263W5N55;
				ENABLE_PREVIEWS = YES;
				GENERATE_INFOPLIST_FILE = YES;
				INFOPLIST_KEY_NSCameraUsageDescription = "This app need to use your camera";
				INFOPLIST_KEY_UIApplicationSceneManifest_Generation = YES;
				INFOPLIST_KEY_UIApplicationSupportsIndirectInputEvents = YES;
				INFOPLIST_KEY_UILaunchScreen_Generation = YES;
				INFOPLIST_KEY_UISupportedInterfaceOrientations_iPad = "UIInterfaceOrientationPortrait UIInterfaceOrientationPortraitUpsideDown UIInterfaceOrientationLandscapeLeft UIInterfaceOrientationLandscapeRight";
				INFOPLIST_KEY_UISupportedInterfaceOrientations_iPhone = "UIInterfaceOrientationPortrait UIInterfaceOrientationLandscapeLeft UIInterfaceOrientationLandscapeRight";
				LD_RUNPATH_SEARCH_PATHS = (
					"$(inherited)",
					"@executable_path/Frameworks",
				);
				MARKETING_VERSION = 1.0;
				PRODUCT_BUNDLE_IDENTIFIER = mykhailo.TripleS;
				PRODUCT_NAME = "$(TARGET_NAME)";
				SWIFT_EMIT_LOC_STRINGS = YES;
				SWIFT_VERSION = 5.0;
				TARGETED_DEVICE_FAMILY = "1,2";
			};
			name = Debug;
		};
		056327892731BE8900388A4B /* Release */ = {
			isa = XCBuildConfiguration;
			buildSettings = {
				ASSETCATALOG_COMPILER_APPICON_NAME = AppIcon;
				ASSETCATALOG_COMPILER_GLOBAL_ACCENT_COLOR_NAME = AccentColor;
				CODE_SIGN_STYLE = Automatic;
				CURRENT_PROJECT_VERSION = 1;
				DEVELOPMENT_ASSET_PATHS = "\"TripleS/Preview Content\"";
				DEVELOPMENT_TEAM = 8C263W5N55;
				ENABLE_PREVIEWS = YES;
				GENERATE_INFOPLIST_FILE = YES;
				INFOPLIST_KEY_NSCameraUsageDescription = "This app need to use your camera";
				INFOPLIST_KEY_UIApplicationSceneManifest_Generation = YES;
				INFOPLIST_KEY_UIApplicationSupportsIndirectInputEvents = YES;
				INFOPLIST_KEY_UILaunchScreen_Generation = YES;
				INFOPLIST_KEY_UISupportedInterfaceOrientations_iPad = "UIInterfaceOrientationPortrait UIInterfaceOrientationPortraitUpsideDown UIInterfaceOrientationLandscapeLeft UIInterfaceOrientationLandscapeRight";
				INFOPLIST_KEY_UISupportedInterfaceOrientations_iPhone = "UIInterfaceOrientationPortrait UIInterfaceOrientationLandscapeLeft UIInterfaceOrientationLandscapeRight";
				LD_RUNPATH_SEARCH_PATHS = (
					"$(inherited)",
					"@executable_path/Frameworks",
				);
				MARKETING_VERSION = 1.0;
				PRODUCT_BUNDLE_IDENTIFIER = mykhailo.TripleS;
				PRODUCT_NAME = "$(TARGET_NAME)";
				SWIFT_EMIT_LOC_STRINGS = YES;
				SWIFT_VERSION = 5.0;
				TARGETED_DEVICE_FAMILY = "1,2";
			};
			name = Release;
		};
/* End XCBuildConfiguration section */

/* Begin XCConfigurationList section */
		056327742731BE8500388A4B /* Build configuration list for PBXProject "TripleS" */ = {
			isa = XCConfigurationList;
			buildConfigurations = (
				056327852731BE8900388A4B /* Debug */,
				056327862731BE8900388A4B /* Release */,
			);
			defaultConfigurationIsVisible = 0;
			defaultConfigurationName = Release;
		};
		056327872731BE8900388A4B /* Build configuration list for PBXNativeTarget "TripleS" */ = {
			isa = XCConfigurationList;
			buildConfigurations = (
				056327882731BE8900388A4B /* Debug */,
				056327892731BE8900388A4B /* Release */,
			);
			defaultConfigurationIsVisible = 0;
			defaultConfigurationName = Release;
		};
/* End XCConfigurationList section */

/* Begin XCRemoteSwiftPackageReference section */
		0576B7A9274E6C2B00730B9D /* XCRemoteSwiftPackageReference "CodeScanner" */ = {
			isa = XCRemoteSwiftPackageReference;
			repositoryURL = "https://github.com/twostraws/CodeScanner";
			requirement = {
				kind = upToNextMajorVersion;
				minimumVersion = 1.0.0;
			};
		};
/* End XCRemoteSwiftPackageReference section */

/* Begin XCSwiftPackageProductDependency section */
		0576B7AA274E6C2B00730B9D /* CodeScanner */ = {
			isa = XCSwiftPackageProductDependency;
			package = 0576B7A9274E6C2B00730B9D /* XCRemoteSwiftPackageReference "CodeScanner" */;
			productName = CodeScanner;
		};
/* End XCSwiftPackageProductDependency section */
	};
	rootObject = 056327712731BE8500388A4B /* Project object */;
}
